// !$*UTF8*$!
{
	archiveVersion = 1;
	classes = {
	};
	objectVersion = 56;
	objects = {

/* Begin PBXBuildFile section */
		89BF322429107B68008A51CE /* Course.swift in Sources */ = {isa = PBXBuildFile; fileRef = 89BF322229107AF4008A51CE /* Course.swift */; };
		89DCFE022910734A00F0CC75 /* AppDelegate.swift in Sources */ = {isa = PBXBuildFile; fileRef = 89DCFE012910734A00F0CC75 /* AppDelegate.swift */; };
		89DCFE042910734A00F0CC75 /* SceneDelegate.swift in Sources */ = {isa = PBXBuildFile; fileRef = 89DCFE032910734A00F0CC75 /* SceneDelegate.swift */; };
		89DCFE062910734A00F0CC75 /* ViewController.swift in Sources */ = {isa = PBXBuildFile; fileRef = 89DCFE052910734A00F0CC75 /* ViewController.swift */; };
		89DCFE092910734A00F0CC75 /* Main.storyboard in Resources */ = {isa = PBXBuildFile; fileRef = 89DCFE072910734A00F0CC75 /* Main.storyboard */; };
		89DCFE0B2910734C00F0CC75 /* Assets.xcassets in Resources */ = {isa = PBXBuildFile; fileRef = 89DCFE0A2910734C00F0CC75 /* Assets.xcassets */; };
		89DCFE0E2910734C00F0CC75 /* LaunchScreen.storyboard in Resources */ = {isa = PBXBuildFile; fileRef = 89DCFE0C2910734C00F0CC75 /* LaunchScreen.storyboard */; };
		89DCFE1D291073A400F0CC75 /* MyAppUIKit.h in Headers */ = {isa = PBXBuildFile; fileRef = 89DCFE1C291073A400F0CC75 /* MyAppUIKit.h */; settings = {ATTRIBUTES = (Public, ); }; };
		89DCFE20291073A400F0CC75 /* MyAppUIKit.framework in Frameworks */ = {isa = PBXBuildFile; fileRef = 89DCFE1A291073A300F0CC75 /* MyAppUIKit.framework */; };
		89DCFE21291073A400F0CC75 /* MyAppUIKit.framework in Embed Frameworks */ = {isa = PBXBuildFile; fileRef = 89DCFE1A291073A300F0CC75 /* MyAppUIKit.framework */; settings = {ATTRIBUTES = (CodeSignOnCopy, RemoveHeadersOnCopy, ); }; };
		89DCFE27291073B300F0CC75 /* CoursesViewController.swift in Sources */ = {isa = PBXBuildFile; fileRef = 89DCFE26291073B300F0CC75 /* CoursesViewController.swift */; };
		89DCFE302910741600F0CC75 /* APIKit.h in Headers */ = {isa = PBXBuildFile; fileRef = 89DCFE2F2910741600F0CC75 /* APIKit.h */; settings = {ATTRIBUTES = (Public, ); }; };
		89DCFE332910741600F0CC75 /* APIKit.framework in Frameworks */ = {isa = PBXBuildFile; fileRef = 89DCFE2D2910741600F0CC75 /* APIKit.framework */; };
		89DCFE342910741600F0CC75 /* APIKit.framework in Embed Frameworks */ = {isa = PBXBuildFile; fileRef = 89DCFE2D2910741600F0CC75 /* APIKit.framework */; settings = {ATTRIBUTES = (CodeSignOnCopy, RemoveHeadersOnCopy, ); }; };
		89DCFE392910742C00F0CC75 /* APICaller.swift in Sources */ = {isa = PBXBuildFile; fileRef = 89DCFE382910742C00F0CC75 /* APICaller.swift */; };
/* End PBXBuildFile section */

/* Begin PBXContainerItemProxy section */
		89DCFE1E291073A400F0CC75 /* PBXContainerItemProxy */ = {
			isa = PBXContainerItemProxy;
			containerPortal = 89DCFDF62910734A00F0CC75 /* Project object */;
			proxyType = 1;
			remoteGlobalIDString = 89DCFE19291073A300F0CC75;
			remoteInfo = MyAppUIKit;
		};
		89DCFE312910741600F0CC75 /* PBXContainerItemProxy */ = {
			isa = PBXContainerItemProxy;
			containerPortal = 89DCFDF62910734A00F0CC75 /* Project object */;
			proxyType = 1;
			remoteGlobalIDString = 89DCFE2C2910741600F0CC75;
			remoteInfo = APIKit;
		};
/* End PBXContainerItemProxy section */

/* Begin PBXCopyFilesBuildPhase section */
		89DCFE25291073A400F0CC75 /* Embed Frameworks */ = {
			isa = PBXCopyFilesBuildPhase;
			buildActionMask = 2147483647;
			dstPath = "";
			dstSubfolderSpec = 10;
			files = (
				89DCFE342910741600F0CC75 /* APIKit.framework in Embed Frameworks */,
				89DCFE21291073A400F0CC75 /* MyAppUIKit.framework in Embed Frameworks */,
			);
			name = "Embed Frameworks";
			runOnlyForDeploymentPostprocessing = 0;
		};
/* End PBXCopyFilesBuildPhase section */

/* Begin PBXFileReference section */
		89BF322229107AF4008A51CE /* Course.swift */ = {isa = PBXFileReference; lastKnownFileType = sourcecode.swift; path = Course.swift; sourceTree = "<group>"; };
		89DCFDFE2910734A00F0CC75 /* ios-dependency-injection.app */ = {isa = PBXFileReference; explicitFileType = wrapper.application; includeInIndex = 0; path = "ios-dependency-injection.app"; sourceTree = BUILT_PRODUCTS_DIR; };
		89DCFE012910734A00F0CC75 /* AppDelegate.swift */ = {isa = PBXFileReference; lastKnownFileType = sourcecode.swift; path = AppDelegate.swift; sourceTree = "<group>"; };
		89DCFE032910734A00F0CC75 /* SceneDelegate.swift */ = {isa = PBXFileReference; lastKnownFileType = sourcecode.swift; path = SceneDelegate.swift; sourceTree = "<group>"; };
		89DCFE052910734A00F0CC75 /* ViewController.swift */ = {isa = PBXFileReference; lastKnownFileType = sourcecode.swift; path = ViewController.swift; sourceTree = "<group>"; };
		89DCFE082910734A00F0CC75 /* Base */ = {isa = PBXFileReference; lastKnownFileType = file.storyboard; name = Base; path = Base.lproj/Main.storyboard; sourceTree = "<group>"; };
		89DCFE0A2910734C00F0CC75 /* Assets.xcassets */ = {isa = PBXFileReference; lastKnownFileType = folder.assetcatalog; path = Assets.xcassets; sourceTree = "<group>"; };
		89DCFE0D2910734C00F0CC75 /* Base */ = {isa = PBXFileReference; lastKnownFileType = file.storyboard; name = Base; path = Base.lproj/LaunchScreen.storyboard; sourceTree = "<group>"; };
		89DCFE0F2910734C00F0CC75 /* Info.plist */ = {isa = PBXFileReference; lastKnownFileType = text.plist.xml; path = Info.plist; sourceTree = "<group>"; };
		89DCFE1A291073A300F0CC75 /* MyAppUIKit.framework */ = {isa = PBXFileReference; explicitFileType = wrapper.framework; includeInIndex = 0; path = MyAppUIKit.framework; sourceTree = BUILT_PRODUCTS_DIR; };
		89DCFE1C291073A400F0CC75 /* MyAppUIKit.h */ = {isa = PBXFileReference; lastKnownFileType = sourcecode.c.h; path = MyAppUIKit.h; sourceTree = "<group>"; };
		89DCFE26291073B300F0CC75 /* CoursesViewController.swift */ = {isa = PBXFileReference; fileEncoding = 4; lastKnownFileType = sourcecode.swift; path = CoursesViewController.swift; sourceTree = "<group>"; };
		89DCFE2D2910741600F0CC75 /* APIKit.framework */ = {isa = PBXFileReference; explicitFileType = wrapper.framework; includeInIndex = 0; path = APIKit.framework; sourceTree = BUILT_PRODUCTS_DIR; };
		89DCFE2F2910741600F0CC75 /* APIKit.h */ = {isa = PBXFileReference; lastKnownFileType = sourcecode.c.h; path = APIKit.h; sourceTree = "<group>"; };
		89DCFE382910742C00F0CC75 /* APICaller.swift */ = {isa = PBXFileReference; fileEncoding = 4; lastKnownFileType = sourcecode.swift; path = APICaller.swift; sourceTree = "<group>"; };
/* End PBXFileReference section */

/* Begin PBXFrameworksBuildPhase section */
		89DCFDFB2910734A00F0CC75 /* Frameworks */ = {
			isa = PBXFrameworksBuildPhase;
			buildActionMask = 2147483647;
			files = (
				89DCFE332910741600F0CC75 /* APIKit.framework in Frameworks */,
				89DCFE20291073A400F0CC75 /* MyAppUIKit.framework in Frameworks */,
			);
			runOnlyForDeploymentPostprocessing = 0;
		};
		89DCFE17291073A300F0CC75 /* Frameworks */ = {
			isa = PBXFrameworksBuildPhase;
			buildActionMask = 2147483647;
			files = (
			);
			runOnlyForDeploymentPostprocessing = 0;
		};
		89DCFE2A2910741600F0CC75 /* Frameworks */ = {
			isa = PBXFrameworksBuildPhase;
			buildActionMask = 2147483647;
			files = (
			);
			runOnlyForDeploymentPostprocessing = 0;
		};
/* End PBXFrameworksBuildPhase section */

/* Begin PBXGroup section */
		89DCFDF52910734A00F0CC75 = {
			isa = PBXGroup;
			children = (
				89DCFE002910734A00F0CC75 /* ios-dependency-injection */,
				89DCFE1B291073A400F0CC75 /* MyAppUIKit */,
				89DCFE2E2910741600F0CC75 /* APIKit */,
				89DCFDFF2910734A00F0CC75 /* Products */,
			);
			sourceTree = "<group>";
		};
		89DCFDFF2910734A00F0CC75 /* Products */ = {
			isa = PBXGroup;
			children = (
				89DCFDFE2910734A00F0CC75 /* ios-dependency-injection.app */,
				89DCFE1A291073A300F0CC75 /* MyAppUIKit.framework */,
				89DCFE2D2910741600F0CC75 /* APIKit.framework */,
			);
			name = Products;
			sourceTree = "<group>";
		};
		89DCFE002910734A00F0CC75 /* ios-dependency-injection */ = {
			isa = PBXGroup;
			children = (
				89DCFE012910734A00F0CC75 /* AppDelegate.swift */,
				89DCFE032910734A00F0CC75 /* SceneDelegate.swift */,
				89DCFE052910734A00F0CC75 /* ViewController.swift */,
				89DCFE072910734A00F0CC75 /* Main.storyboard */,
				89DCFE0A2910734C00F0CC75 /* Assets.xcassets */,
				89DCFE0C2910734C00F0CC75 /* LaunchScreen.storyboard */,
				89DCFE0F2910734C00F0CC75 /* Info.plist */,
			);
			path = "ios-dependency-injection";
			sourceTree = "<group>";
		};
		89DCFE1B291073A400F0CC75 /* MyAppUIKit */ = {
			isa = PBXGroup;
			children = (
				89BF322229107AF4008A51CE /* Course.swift */,
				89DCFE26291073B300F0CC75 /* CoursesViewController.swift */,
				89DCFE1C291073A400F0CC75 /* MyAppUIKit.h */,
			);
			path = MyAppUIKit;
			sourceTree = "<group>";
		};
		89DCFE2E2910741600F0CC75 /* APIKit */ = {
			isa = PBXGroup;
			children = (
				89DCFE382910742C00F0CC75 /* APICaller.swift */,
				89DCFE2F2910741600F0CC75 /* APIKit.h */,
			);
			path = APIKit;
			sourceTree = "<group>";
		};
/* End PBXGroup section */

/* Begin PBXHeadersBuildPhase section */
		89DCFE15291073A300F0CC75 /* Headers */ = {
			isa = PBXHeadersBuildPhase;
			buildActionMask = 2147483647;
			files = (
				89DCFE1D291073A400F0CC75 /* MyAppUIKit.h in Headers */,
			);
			runOnlyForDeploymentPostprocessing = 0;
		};
		89DCFE282910741600F0CC75 /* Headers */ = {
			isa = PBXHeadersBuildPhase;
			buildActionMask = 2147483647;
			files = (
				89DCFE302910741600F0CC75 /* APIKit.h in Headers */,
			);
			runOnlyForDeploymentPostprocessing = 0;
		};
/* End PBXHeadersBuildPhase section */

/* Begin PBXNativeTarget section */
		89DCFDFD2910734A00F0CC75 /* ios-dependency-injection */ = {
			isa = PBXNativeTarget;
			buildConfigurationList = 89DCFE122910734C00F0CC75 /* Build configuration list for PBXNativeTarget "ios-dependency-injection" */;
			buildPhases = (
				89DCFDFA2910734A00F0CC75 /* Sources */,
				89DCFDFB2910734A00F0CC75 /* Frameworks */,
				89DCFDFC2910734A00F0CC75 /* Resources */,
				89DCFE25291073A400F0CC75 /* Embed Frameworks */,
			);
			buildRules = (
			);
			dependencies = (
				89DCFE1F291073A400F0CC75 /* PBXTargetDependency */,
				89DCFE322910741600F0CC75 /* PBXTargetDependency */,
			);
			name = "ios-dependency-injection";
			productName = "ios-dependency-injection";
			productReference = 89DCFDFE2910734A00F0CC75 /* ios-dependency-injection.app */;
			productType = "com.apple.product-type.application";
		};
		89DCFE19291073A300F0CC75 /* MyAppUIKit */ = {
			isa = PBXNativeTarget;
			buildConfigurationList = 89DCFE22291073A400F0CC75 /* Build configuration list for PBXNativeTarget "MyAppUIKit" */;
			buildPhases = (
				89DCFE15291073A300F0CC75 /* Headers */,
				89DCFE16291073A300F0CC75 /* Sources */,
				89DCFE17291073A300F0CC75 /* Frameworks */,
				89DCFE18291073A300F0CC75 /* Resources */,
			);
			buildRules = (
			);
			dependencies = (
			);
			name = MyAppUIKit;
			productName = MyAppUIKit;
			productReference = 89DCFE1A291073A300F0CC75 /* MyAppUIKit.framework */;
			productType = "com.apple.product-type.framework";
		};
		89DCFE2C2910741600F0CC75 /* APIKit */ = {
			isa = PBXNativeTarget;
			buildConfigurationList = 89DCFE352910741600F0CC75 /* Build configuration list for PBXNativeTarget "APIKit" */;
			buildPhases = (
				89DCFE282910741600F0CC75 /* Headers */,
				89DCFE292910741600F0CC75 /* Sources */,
				89DCFE2A2910741600F0CC75 /* Frameworks */,
				89DCFE2B2910741600F0CC75 /* Resources */,
			);
			buildRules = (
			);
			dependencies = (
			);
			name = APIKit;
			productName = APIKit;
			productReference = 89DCFE2D2910741600F0CC75 /* APIKit.framework */;
			productType = "com.apple.product-type.framework";
		};
/* End PBXNativeTarget section */

/* Begin PBXProject section */
		89DCFDF62910734A00F0CC75 /* Project object */ = {
			isa = PBXProject;
			attributes = {
				BuildIndependentTargetsInParallel = 1;
				LastSwiftUpdateCheck = 1400;
				LastUpgradeCheck = 1400;
				TargetAttributes = {
					89DCFDFD2910734A00F0CC75 = {
						CreatedOnToolsVersion = 14.0.1;
					};
					89DCFE19291073A300F0CC75 = {
						CreatedOnToolsVersion = 14.0.1;
						LastSwiftMigration = 1400;
					};
					89DCFE2C2910741600F0CC75 = {
						CreatedOnToolsVersion = 14.0.1;
						LastSwiftMigration = 1400;
					};
				};
			};
			buildConfigurationList = 89DCFDF92910734A00F0CC75 /* Build configuration list for PBXProject "ios-dependency-injection" */;
			compatibilityVersion = "Xcode 14.0";
			developmentRegion = en;
			hasScannedForEncodings = 0;
			knownRegions = (
				en,
				Base,
			);
			mainGroup = 89DCFDF52910734A00F0CC75;
			productRefGroup = 89DCFDFF2910734A00F0CC75 /* Products */;
			projectDirPath = "";
			projectRoot = "";
			targets = (
				89DCFDFD2910734A00F0CC75 /* ios-dependency-injection */,
				89DCFE19291073A300F0CC75 /* MyAppUIKit */,
				89DCFE2C2910741600F0CC75 /* APIKit */,
			);
		};
/* End PBXProject section */

/* Begin PBXResourcesBuildPhase section */
		89DCFDFC2910734A00F0CC75 /* Resources */ = {
			isa = PBXResourcesBuildPhase;
			buildActionMask = 2147483647;
			files = (
				89DCFE0E2910734C00F0CC75 /* LaunchScreen.storyboard in Resources */,
				89DCFE0B2910734C00F0CC75 /* Assets.xcassets in Resources */,
				89DCFE092910734A00F0CC75 /* Main.storyboard in Resources */,
			);
			runOnlyForDeploymentPostprocessing = 0;
		};
		89DCFE18291073A300F0CC75 /* Resources */ = {
			isa = PBXResourcesBuildPhase;
			buildActionMask = 2147483647;
			files = (
			);
			runOnlyForDeploymentPostprocessing = 0;
		};
		89DCFE2B2910741600F0CC75 /* Resources */ = {
			isa = PBXResourcesBuildPhase;
			buildActionMask = 2147483647;
			files = (
			);
			runOnlyForDeploymentPostprocessing = 0;
		};
/* End PBXResourcesBuildPhase section */

/* Begin PBXSourcesBuildPhase section */
		89DCFDFA2910734A00F0CC75 /* Sources */ = {
			isa = PBXSourcesBuildPhase;
			buildActionMask = 2147483647;
			files = (
				89DCFE062910734A00F0CC75 /* ViewController.swift in Sources */,
				89DCFE022910734A00F0CC75 /* AppDelegate.swift in Sources */,
				89DCFE042910734A00F0CC75 /* SceneDelegate.swift in Sources */,
			);
			runOnlyForDeploymentPostprocessing = 0;
		};
		89DCFE16291073A300F0CC75 /* Sources */ = {
			isa = PBXSourcesBuildPhase;
			buildActionMask = 2147483647;
			files = (
				89BF322429107B68008A51CE /* Course.swift in Sources */,
				89DCFE27291073B300F0CC75 /* CoursesViewController.swift in Sources */,
			);
			runOnlyForDeploymentPostprocessing = 0;
		};
		89DCFE292910741600F0CC75 /* Sources */ = {
			isa = PBXSourcesBuildPhase;
			buildActionMask = 2147483647;
			files = (
				89DCFE392910742C00F0CC75 /* APICaller.swift in Sources */,
			);
			runOnlyForDeploymentPostprocessing = 0;
		};
/* End PBXSourcesBuildPhase section */

/* Begin PBXTargetDependency section */
		89DCFE1F291073A400F0CC75 /* PBXTargetDependency */ = {
			isa = PBXTargetDependency;
			target = 89DCFE19291073A300F0CC75 /* MyAppUIKit */;
			targetProxy = 89DCFE1E291073A400F0CC75 /* PBXContainerItemProxy */;
		};
		89DCFE322910741600F0CC75 /* PBXTargetDependency */ = {
			isa = PBXTargetDependency;
			target = 89DCFE2C2910741600F0CC75 /* APIKit */;
			targetProxy = 89DCFE312910741600F0CC75 /* PBXContainerItemProxy */;
		};
/* End PBXTargetDependency section */

/* Begin PBXVariantGroup section */
		89DCFE072910734A00F0CC75 /* Main.storyboard */ = {
			isa = PBXVariantGroup;
			children = (
				89DCFE082910734A00F0CC75 /* Base */,
			);
			name = Main.storyboard;
			sourceTree = "<group>";
		};
		89DCFE0C2910734C00F0CC75 /* LaunchScreen.storyboard */ = {
			isa = PBXVariantGroup;
			children = (
				89DCFE0D2910734C00F0CC75 /* Base */,
			);
			name = LaunchScreen.storyboard;
			sourceTree = "<group>";
		};
/* End PBXVariantGroup section */

/* Begin XCBuildConfiguration section */
		89DCFE102910734C00F0CC75 /* Debug */ = {
			isa = XCBuildConfiguration;
			buildSettings = {
				ALWAYS_SEARCH_USER_PATHS = NO;
				CLANG_ANALYZER_NONNULL = YES;
				CLANG_ANALYZER_NUMBER_OBJECT_CONVERSION = YES_AGGRESSIVE;
				CLANG_CXX_LANGUAGE_STANDARD = "gnu++20";
				CLANG_ENABLE_MODULES = YES;
				CLANG_ENABLE_OBJC_ARC = YES;
				CLANG_ENABLE_OBJC_WEAK = YES;
				CLANG_WARN_BLOCK_CAPTURE_AUTORELEASING = YES;
				CLANG_WARN_BOOL_CONVERSION = YES;
				CLANG_WARN_COMMA = YES;
				CLANG_WARN_CONSTANT_CONVERSION = YES;
				CLANG_WARN_DEPRECATED_OBJC_IMPLEMENTATIONS = YES;
				CLANG_WARN_DIRECT_OBJC_ISA_USAGE = YES_ERROR;
				CLANG_WARN_DOCUMENTATION_COMMENTS = YES;
				CLANG_WARN_EMPTY_BODY = YES;
				CLANG_WARN_ENUM_CONVERSION = YES;
				CLANG_WARN_INFINITE_RECURSION = YES;
				CLANG_WARN_INT_CONVERSION = YES;
				CLANG_WARN_NON_LITERAL_NULL_CONVERSION = YES;
				CLANG_WARN_OBJC_IMPLICIT_RETAIN_SELF = YES;
				CLANG_WARN_OBJC_LITERAL_CONVERSION = YES;
				CLANG_WARN_OBJC_ROOT_CLASS = YES_ERROR;
				CLANG_WARN_QUOTED_INCLUDE_IN_FRAMEWORK_HEADER = YES;
				CLANG_WARN_RANGE_LOOP_ANALYSIS = YES;
				CLANG_WARN_STRICT_PROTOTYPES = YES;
				CLANG_WARN_SUSPICIOUS_MOVE = YES;
				CLANG_WARN_UNGUARDED_AVAILABILITY = YES_AGGRESSIVE;
				CLANG_WARN_UNREACHABLE_CODE = YES;
				CLANG_WARN__DUPLICATE_METHOD_MATCH = YES;
				COPY_PHASE_STRIP = NO;
				DEBUG_INFORMATION_FORMAT = dwarf;
				ENABLE_STRICT_OBJC_MSGSEND = YES;
				ENABLE_TESTABILITY = YES;
				GCC_C_LANGUAGE_STANDARD = gnu11;
				GCC_DYNAMIC_NO_PIC = NO;
				GCC_NO_COMMON_BLOCKS = YES;
				GCC_OPTIMIZATION_LEVEL = 0;
				GCC_PREPROCESSOR_DEFINITIONS = (
					"DEBUG=1",
					"$(inherited)",
				);
				GCC_WARN_64_TO_32_BIT_CONVERSION = YES;
				GCC_WARN_ABOUT_RETURN_TYPE = YES_ERROR;
				GCC_WARN_UNDECLARED_SELECTOR = YES;
				GCC_WARN_UNINITIALIZED_AUTOS = YES_AGGRESSIVE;
				GCC_WARN_UNUSED_FUNCTION = YES;
				GCC_WARN_UNUSED_VARIABLE = YES;
				IPHONEOS_DEPLOYMENT_TARGET = 16.0;
				MTL_ENABLE_DEBUG_INFO = INCLUDE_SOURCE;
				MTL_FAST_MATH = YES;
				ONLY_ACTIVE_ARCH = YES;
				SDKROOT = iphoneos;
				SWIFT_ACTIVE_COMPILATION_CONDITIONS = DEBUG;
				SWIFT_OPTIMIZATION_LEVEL = "-Onone";
			};
			name = Debug;
		};
		89DCFE112910734C00F0CC75 /* Release */ = {
			isa = XCBuildConfiguration;
			buildSettings = {
				ALWAYS_SEARCH_USER_PATHS = NO;
				CLANG_ANALYZER_NONNULL = YES;
				CLANG_ANALYZER_NUMBER_OBJECT_CONVERSION = YES_AGGRESSIVE;
				CLANG_CXX_LANGUAGE_STANDARD = "gnu++20";
				CLANG_ENABLE_MODULES = YES;
				CLANG_ENABLE_OBJC_ARC = YES;
				CLANG_ENABLE_OBJC_WEAK = YES;
				CLANG_WARN_BLOCK_CAPTURE_AUTORELEASING = YES;
				CLANG_WARN_BOOL_CONVERSION = YES;
				CLANG_WARN_COMMA = YES;
				CLANG_WARN_CONSTANT_CONVERSION = YES;
				CLANG_WARN_DEPRECATED_OBJC_IMPLEMENTATIONS = YES;
				CLANG_WARN_DIRECT_OBJC_ISA_USAGE = YES_ERROR;
				CLANG_WARN_DOCUMENTATION_COMMENTS = YES;
				CLANG_WARN_EMPTY_BODY = YES;
				CLANG_WARN_ENUM_CONVERSION = YES;
				CLANG_WARN_INFINITE_RECURSION = YES;
				CLANG_WARN_INT_CONVERSION = YES;
				CLANG_WARN_NON_LITERAL_NULL_CONVERSION = YES;
				CLANG_WARN_OBJC_IMPLICIT_RETAIN_SELF = YES;
				CLANG_WARN_OBJC_LITERAL_CONVERSION = YES;
				CLANG_WARN_OBJC_ROOT_CLASS = YES_ERROR;
				CLANG_WARN_QUOTED_INCLUDE_IN_FRAMEWORK_HEADER = YES;
				CLANG_WARN_RANGE_LOOP_ANALYSIS = YES;
				CLANG_WARN_STRICT_PROTOTYPES = YES;
				CLANG_WARN_SUSPICIOUS_MOVE = YES;
				CLANG_WARN_UNGUARDED_AVAILABILITY = YES_AGGRESSIVE;
				CLANG_WARN_UNREACHABLE_CODE = YES;
				CLANG_WARN__DUPLICATE_METHOD_MATCH = YES;
				COPY_PHASE_STRIP = NO;
				DEBUG_INFORMATION_FORMAT = "dwarf-with-dsym";
				ENABLE_NS_ASSERTIONS = NO;
				ENABLE_STRICT_OBJC_MSGSEND = YES;
				GCC_C_LANGUAGE_STANDARD = gnu11;
				GCC_NO_COMMON_BLOCKS = YES;
				GCC_WARN_64_TO_32_BIT_CONVERSION = YES;
				GCC_WARN_ABOUT_RETURN_TYPE = YES_ERROR;
				GCC_WARN_UNDECLARED_SELECTOR = YES;
				GCC_WARN_UNINITIALIZED_AUTOS = YES_AGGRESSIVE;
				GCC_WARN_UNUSED_FUNCTION = YES;
				GCC_WARN_UNUSED_VARIABLE = YES;
				IPHONEOS_DEPLOYMENT_TARGET = 16.0;
				MTL_ENABLE_DEBUG_INFO = NO;
				MTL_FAST_MATH = YES;
				SDKROOT = iphoneos;
				SWIFT_COMPILATION_MODE = wholemodule;
				SWIFT_OPTIMIZATION_LEVEL = "-O";
				VALIDATE_PRODUCT = YES;
			};
			name = Release;
		};
		89DCFE132910734C00F0CC75 /* Debug */ = {
			isa = XCBuildConfiguration;
			buildSettings = {
				ALWAYS_EMBED_SWIFT_STANDARD_LIBRARIES = YES;
				ASSETCATALOG_COMPILER_APPICON_NAME = AppIcon;
				ASSETCATALOG_COMPILER_GLOBAL_ACCENT_COLOR_NAME = AccentColor;
				CODE_SIGN_STYLE = Automatic;
				CURRENT_PROJECT_VERSION = 1;
				DEVELOPMENT_TEAM = CWWB8679GU;
				GENERATE_INFOPLIST_FILE = YES;
				INFOPLIST_FILE = "ios-dependency-injection/Info.plist";
				INFOPLIST_KEY_UIApplicationSupportsIndirectInputEvents = YES;
				INFOPLIST_KEY_UILaunchStoryboardName = LaunchScreen;
				INFOPLIST_KEY_UIMainStoryboardFile = Main;
				INFOPLIST_KEY_UISupportedInterfaceOrientations_iPad = "UIInterfaceOrientationPortrait UIInterfaceOrientationPortraitUpsideDown UIInterfaceOrientationLandscapeLeft UIInterfaceOrientationLandscapeRight";
				INFOPLIST_KEY_UISupportedInterfaceOrientations_iPhone = "UIInterfaceOrientationPortrait UIInterfaceOrientationLandscapeLeft UIInterfaceOrientationLandscapeRight";
				LD_RUNPATH_SEARCH_PATHS = (
					"$(inherited)",
					"@executable_path/Frameworks",
				);
				MARKETING_VERSION = 1.0;
				PRODUCT_BUNDLE_IDENTIFIER = "com.angelcomp.ios-dependency-injection";
				PRODUCT_NAME = "$(TARGET_NAME)";
				SWIFT_EMIT_LOC_STRINGS = YES;
				SWIFT_VERSION = 5.0;
				TARGETED_DEVICE_FAMILY = "1,2";
			};
			name = Debug;
		};
		89DCFE142910734C00F0CC75 /* Release */ = {
			isa = XCBuildConfiguration;
			buildSettings = {
				ALWAYS_EMBED_SWIFT_STANDARD_LIBRARIES = YES;
				ASSETCATALOG_COMPILER_APPICON_NAME = AppIcon;
				ASSETCATALOG_COMPILER_GLOBAL_ACCENT_COLOR_NAME = AccentColor;
				CODE_SIGN_STYLE = Automatic;
				CURRENT_PROJECT_VERSION = 1;
				DEVELOPMENT_TEAM = CWWB8679GU;
				GENERATE_INFOPLIST_FILE = YES;
				INFOPLIST_FILE = "ios-dependency-injection/Info.plist";
				INFOPLIST_KEY_UIApplicationSupportsIndirectInputEvents = YES;
				INFOPLIST_KEY_UILaunchStoryboardName = LaunchScreen;
				INFOPLIST_KEY_UIMainStoryboardFile = Main;
				INFOPLIST_KEY_UISupportedInterfaceOrientations_iPad = "UIInterfaceOrientationPortrait UIInterfaceOrientationPortraitUpsideDown UIInterfaceOrientationLandscapeLeft UIInterfaceOrientationLandscapeRight";
				INFOPLIST_KEY_UISupportedInterfaceOrientations_iPhone = "UIInterfaceOrientationPortrait UIInterfaceOrientationLandscapeLeft UIInterfaceOrientationLandscapeRight";
				LD_RUNPATH_SEARCH_PATHS = (
					"$(inherited)",
					"@executable_path/Frameworks",
				);
				MARKETING_VERSION = 1.0;
				PRODUCT_BUNDLE_IDENTIFIER = "com.angelcomp.ios-dependency-injection";
				PRODUCT_NAME = "$(TARGET_NAME)";
				SWIFT_EMIT_LOC_STRINGS = YES;
				SWIFT_VERSION = 5.0;
				TARGETED_DEVICE_FAMILY = "1,2";
			};
			name = Release;
		};
		89DCFE23291073A400F0CC75 /* Debug */ = {
			isa = XCBuildConfiguration;
			buildSettings = {
				CLANG_ENABLE_MODULES = YES;
				CODE_SIGN_STYLE = Automatic;
				CURRENT_PROJECT_VERSION = 1;
				DEFINES_MODULE = YES;
				DEVELOPMENT_TEAM = CWWB8679GU;
				DYLIB_COMPATIBILITY_VERSION = 1;
				DYLIB_CURRENT_VERSION = 1;
				DYLIB_INSTALL_NAME_BASE = "@rpath";
				GENERATE_INFOPLIST_FILE = YES;
				INFOPLIST_KEY_NSHumanReadableCopyright = "";
				INSTALL_PATH = "$(LOCAL_LIBRARY_DIR)/Frameworks";
				LD_RUNPATH_SEARCH_PATHS = (
					"$(inherited)",
					"@executable_path/Frameworks",
					"@loader_path/Frameworks",
				);
				MARKETING_VERSION = 1.0;
				PRODUCT_BUNDLE_IDENTIFIER = com.angelcomp.MyAppUIKit;
				PRODUCT_NAME = "$(TARGET_NAME:c99extidentifier)";
				SKIP_INSTALL = YES;
				SWIFT_EMIT_LOC_STRINGS = YES;
				SWIFT_OPTIMIZATION_LEVEL = "-Onone";
				SWIFT_VERSION = 5.0;
				TARGETED_DEVICE_FAMILY = "1,2";
				VERSIONING_SYSTEM = "apple-generic";
				VERSION_INFO_PREFIX = "";
			};
			name = Debug;
		};
		89DCFE24291073A400F0CC75 /* Release */ = {
			isa = XCBuildConfiguration;
			buildSettings = {
				CLANG_ENABLE_MODULES = YES;
				CODE_SIGN_STYLE = Automatic;
				CURRENT_PROJECT_VERSION = 1;
				DEFINES_MODULE = YES;
				DEVELOPMENT_TEAM = CWWB8679GU;
				DYLIB_COMPATIBILITY_VERSION = 1;
				DYLIB_CURRENT_VERSION = 1;
				DYLIB_INSTALL_NAME_BASE = "@rpath";
				GENERATE_INFOPLIST_FILE = YES;
				INFOPLIST_KEY_NSHumanReadableCopyright = "";
				INSTALL_PATH = "$(LOCAL_LIBRARY_DIR)/Frameworks";
				LD_RUNPATH_SEARCH_PATHS = (
					"$(inherited)",
					"@executable_path/Frameworks",
					"@loader_path/Frameworks",
				);
				MARKETING_VERSION = 1.0;
				PRODUCT_BUNDLE_IDENTIFIER = com.angelcomp.MyAppUIKit;
				PRODUCT_NAME = "$(TARGET_NAME:c99extidentifier)";
				SKIP_INSTALL = YES;
				SWIFT_EMIT_LOC_STRINGS = YES;
				SWIFT_VERSION = 5.0;
				TARGETED_DEVICE_FAMILY = "1,2";
				VERSIONING_SYSTEM = "apple-generic";
				VERSION_INFO_PREFIX = "";
			};
			name = Release;
		};
		89DCFE362910741600F0CC75 /* Debug */ = {
			isa = XCBuildConfiguration;
			buildSettings = {
				CLANG_ENABLE_MODULES = YES;
				CODE_SIGN_STYLE = Automatic;
				CURRENT_PROJECT_VERSION = 1;
				DEFINES_MODULE = YES;
				DEVELOPMENT_TEAM = CWWB8679GU;
				DYLIB_COMPATIBILITY_VERSION = 1;
				DYLIB_CURRENT_VERSION = 1;
				DYLIB_INSTALL_NAME_BASE = "@rpath";
				GENERATE_INFOPLIST_FILE = YES;
				INFOPLIST_KEY_NSHumanReadableCopyright = "";
				INSTALL_PATH = "$(LOCAL_LIBRARY_DIR)/Frameworks";
				LD_RUNPATH_SEARCH_PATHS = (
					"$(inherited)",
					"@executable_path/Frameworks",
					"@loader_path/Frameworks",
				);
				MARKETING_VERSION = 1.0;
				PRODUCT_BUNDLE_IDENTIFIER = com.angelcomp.APIKit;
				PRODUCT_NAME = "$(TARGET_NAME:c99extidentifier)";
				SKIP_INSTALL = YES;
				SWIFT_EMIT_LOC_STRINGS = YES;
				SWIFT_OPTIMIZATION_LEVEL = "-Onone";
				SWIFT_VERSION = 5.0;
				TARGETED_DEVICE_FAMILY = "1,2";
				VERSIONING_SYSTEM = "apple-generic";
				VERSION_INFO_PREFIX = "";
			};
			name = Debug;
		};
		89DCFE372910741600F0CC75 /* Release */ = {
			isa = XCBuildConfiguration;
			buildSettings = {
				CLANG_ENABLE_MODULES = YES;
				CODE_SIGN_STYLE = Automatic;
				CURRENT_PROJECT_VERSION = 1;
				DEFINES_MODULE = YES;
				DEVELOPMENT_TEAM = CWWB8679GU;
				DYLIB_COMPATIBILITY_VERSION = 1;
				DYLIB_CURRENT_VERSION = 1;
				DYLIB_INSTALL_NAME_BASE = "@rpath";
				GENERATE_INFOPLIST_FILE = YES;
				INFOPLIST_KEY_NSHumanReadableCopyright = "";
				INSTALL_PATH = "$(LOCAL_LIBRARY_DIR)/Frameworks";
				LD_RUNPATH_SEARCH_PATHS = (
					"$(inherited)",
					"@executable_path/Frameworks",
					"@loader_path/Frameworks",
				);
				MARKETING_VERSION = 1.0;
				PRODUCT_BUNDLE_IDENTIFIER = com.angelcomp.APIKit;
				PRODUCT_NAME = "$(TARGET_NAME:c99extidentifier)";
				SKIP_INSTALL = YES;
				SWIFT_EMIT_LOC_STRINGS = YES;
				SWIFT_VERSION = 5.0;
				TARGETED_DEVICE_FAMILY = "1,2";
				VERSIONING_SYSTEM = "apple-generic";
				VERSION_INFO_PREFIX = "";
			};
			name = Release;
		};
/* End XCBuildConfiguration section */

/* Begin XCConfigurationList section */
		89DCFDF92910734A00F0CC75 /* Build configuration list for PBXProject "ios-dependency-injection" */ = {
			isa = XCConfigurationList;
			buildConfigurations = (
				89DCFE102910734C00F0CC75 /* Debug */,
				89DCFE112910734C00F0CC75 /* Release */,
			);
			defaultConfigurationIsVisible = 0;
			defaultConfigurationName = Release;
		};
		89DCFE122910734C00F0CC75 /* Build configuration list for PBXNativeTarget "ios-dependency-injection" */ = {
			isa = XCConfigurationList;
			buildConfigurations = (
				89DCFE132910734C00F0CC75 /* Debug */,
				89DCFE142910734C00F0CC75 /* Release */,
			);
			defaultConfigurationIsVisible = 0;
			defaultConfigurationName = Release;
		};
		89DCFE22291073A400F0CC75 /* Build configuration list for PBXNativeTarget "MyAppUIKit" */ = {
			isa = XCConfigurationList;
			buildConfigurations = (
				89DCFE23291073A400F0CC75 /* Debug */,
				89DCFE24291073A400F0CC75 /* Release */,
			);
			defaultConfigurationIsVisible = 0;
			defaultConfigurationName = Release;
		};
		89DCFE352910741600F0CC75 /* Build configuration list for PBXNativeTarget "APIKit" */ = {
			isa = XCConfigurationList;
			buildConfigurations = (
				89DCFE362910741600F0CC75 /* Debug */,
				89DCFE372910741600F0CC75 /* Release */,
			);
			defaultConfigurationIsVisible = 0;
			defaultConfigurationName = Release;
		};
/* End XCConfigurationList section */
	};
	rootObject = 89DCFDF62910734A00F0CC75 /* Project object */;
}
